
Microsoft Visual Studio Solution File, Format Version 12.00
# Visual Studio Version 16
VisualStudioVersion = 16.0.32228.343
MinimumVisualStudioVersion = 10.0.40219.1
Project("{FAE04EC0-301F-11D3-BF4B-00C04F79EFBC}") = "Travel_Trip_Proje", "Travel_Trip_Proje\Travel_Trip_Proje.csproj", "{C6FABAF5-96E9-42D5-8544-D4ED6019F66F}"
EndProject
Global
	GlobalSection(SolutionConfigurationPlatforms) = preSolution
		Debug|Any CPU = Debug|Any CPU
		Release|Any CPU = Release|Any CPU
	EndGlobalSection
	GlobalSection(ProjectConfigurationPlatforms) = postSolution
		{C6FABAF5-96E9-42D5-8544-D4ED6019F66F}.Debug|Any CPU.ActiveCfg = Debug|Any CPU
		{C6FABAF5-96E9-42D5-8544-D4ED6019F66F}.Debug|Any CPU.Build.0 = Debug|Any CPU
		{C6FABAF5-96E9-42D5-8544-D4ED6019F66F}.Release|Any CPU.ActiveCfg = Release|Any CPU
		{C6FABAF5-96E9-42D5-8544-D4ED6019F66F}.Release|Any CPU.Build.0 = Release|Any CPU
	EndGlobalSection
	GlobalSection(SolutionProperties) = preSolution
		HideSolutionNode = FALSE
	EndGlobalSection
	GlobalSection(ExtensibilityGlobals) = postSolution
		SolutionGuid = {46E2C454-3EF9-4554-9F62-4D57B93464A1}
	EndGlobalSection
EndGlobal
